
Microsoft Visual Studio Solution File, Format Version 12.00
# Visual Studio Version 17
VisualStudioVersion = 17.6.33815.320
MinimumVisualStudioVersion = 10.0.40219.1
Project("{FAE04EC0-301F-11D3-BF4B-00C04F79EFBC}") = "Beadando_Szalai_2404", "Beadando_Szalai_2404\Beadando_Szalai_2404.csproj", "{F26ECC00-7BFF-4D2B-9236-97233D5B9CFA}"
EndProject
Global
	GlobalSection(SolutionConfigurationPlatforms) = preSolution
		Debug|Any CPU = Debug|Any CPU
		Release|Any CPU = Release|Any CPU
	EndGlobalSection
	GlobalSection(ProjectConfigurationPlatforms) = postSolution
		{F26ECC00-7BFF-4D2B-9236-97233D5B9CFA}.Debug|Any CPU.ActiveCfg = Debug|Any CPU
		{F26ECC00-7BFF-4D2B-9236-97233D5B9CFA}.Debug|Any CPU.Build.0 = Debug|Any CPU
		{F26ECC00-7BFF-4D2B-9236-97233D5B9CFA}.Release|Any CPU.ActiveCfg = Release|Any CPU
		{F26ECC00-7BFF-4D2B-9236-97233D5B9CFA}.Release|Any CPU.Build.0 = Release|Any CPU
	EndGlobalSection
	GlobalSection(SolutionProperties) = preSolution
		HideSolutionNode = FALSE
	EndGlobalSection
	GlobalSection(ExtensibilityGlobals) = postSolution
		SolutionGuid = {25641C3D-C6D9-47A0-ABBD-3A70F6D56259}
	EndGlobalSection
EndGlobal
